<Solution>
  <Project Path="QuickerRpc.AgentModel/QuickerRpc.AgentModel.csproj" />
  <Project Path="QuickerRpc.Contracts/QuickerRpc.Contracts.csproj" />
  <Project Path="QuickerRpc.Plugin/QuickerRpc.Plugin.csproj" />
  <Project Path="QuickerRpc.Console/QuickerRpc.Console.csproj" />
  <Project Path="QuickerRpc.Plugin.Test/QuickerRpc.Plugin.Test.csproj" />
  <Project Path="QuickerRpc.Test/QuickerRpc.Test.csproj" />
</Solution>
